
Microsoft Visual Studio Solution File, Format Version 12.00
# Visual Studio Version 16
VisualStudioVersion = 16.0.32802.440
MinimumVisualStudioVersion = 10.0.40219.1
Project("{FAE04EC0-301F-11D3-BF4B-00C04F79EFBC}") = "work_01_With_SP", "work_01_With_SP\work_01_With_SP.csproj", "{6A2143EA-D19E-4B86-9744-551D309AA7C9}"
EndProject
Global
	GlobalSection(SolutionConfigurationPlatforms) = preSolution
		Debug|Any CPU = Debug|Any CPU
		Release|Any CPU = Release|Any CPU
	EndGlobalSection
	GlobalSection(ProjectConfigurationPlatforms) = postSolution
		{6A2143EA-D19E-4B86-9744-551D309AA7C9}.Debug|Any CPU.ActiveCfg = Debug|Any CPU
		{6A2143EA-D19E-4B86-9744-551D309AA7C9}.Debug|Any CPU.Build.0 = Debug|Any CPU
		{6A2143EA-D19E-4B86-9744-551D309AA7C9}.Release|Any CPU.ActiveCfg = Release|Any CPU
		{6A2143EA-D19E-4B86-9744-551D309AA7C9}.Release|Any CPU.Build.0 = Release|Any CPU
	EndGlobalSection
	GlobalSection(SolutionProperties) = preSolution
		HideSolutionNode = FALSE
	EndGlobalSection
	GlobalSection(ExtensibilityGlobals) = postSolution
		SolutionGuid = {512B9195-F299-4159-9428-6C58C34CF380}
	EndGlobalSection
EndGlobal
